
Microsoft Visual Studio Solution File, Format Version 12.00
Project("{FAE04EC0-301F-11D3-BF4B-00C04F79EFBC}") = "GrpcDemo", "GrpcDemo.csproj", "{88288BC4-9B34-44DD-9F9F-4931046CF950}"
EndProject
Global
	GlobalSection(SolutionConfigurationPlatforms) = preSolution
		Debug|Any CPU = Debug|Any CPU
		Release|Any CPU = Release|Any CPU
	EndGlobalSection
	GlobalSection(ProjectConfigurationPlatforms) = postSolution
		{88288BC4-9B34-44DD-9F9F-4931046CF950}.Debug|Any CPU.ActiveCfg = Debug|Any CPU
		{88288BC4-9B34-44DD-9F9F-4931046CF950}.Debug|Any CPU.Build.0 = Debug|Any CPU
		{88288BC4-9B34-44DD-9F9F-4931046CF950}.Release|Any CPU.ActiveCfg = Release|Any CPU
		{88288BC4-9B34-44DD-9F9F-4931046CF950}.Release|Any CPU.Build.0 = Release|Any CPU
	EndGlobalSection
EndGlobal
